
Microsoft Visual Studio Solution File, Format Version 12.00
# Visual Studio Version 17
VisualStudioVersion = 17.14.36414.22
MinimumVisualStudioVersion = 10.0.40219.1
Project("{FAE04EC0-301F-11D3-BF4B-00C04F79EFBC}") = "HealthSystem", "HealthSystem\HealthSystem.csproj", "{47E2F796-EED5-4BE7-9919-1CEE277DA90A}"
EndProject
Project("{FAE04EC0-301F-11D3-BF4B-00C04F79EFBC}") = "HealthLibrary", "HealthLibrary\HealthLibrary.csproj", "{5AED7424-F164-4706-AD3A-9F68E1468B60}"
EndProject
Project("{FAE04EC0-301F-11D3-BF4B-00C04F79EFBC}") = "HealthSystemApp", "HealthSystemApp\HealthSystemApp.csproj", "{35A95DB1-A71B-4E42-A939-3092F61B2C44}"
EndProject
Global
	GlobalSection(SolutionConfigurationPlatforms) = preSolution
		Debug|Any CPU = Debug|Any CPU
		Release|Any CPU = Release|Any CPU
	EndGlobalSection
	GlobalSection(ProjectConfigurationPlatforms) = postSolution
		{47E2F796-EED5-4BE7-9919-1CEE277DA90A}.Debug|Any CPU.ActiveCfg = Debug|Any CPU
		{47E2F796-EED5-4BE7-9919-1CEE277DA90A}.Debug|Any CPU.Build.0 = Debug|Any CPU
		{47E2F796-EED5-4BE7-9919-1CEE277DA90A}.Release|Any CPU.ActiveCfg = Release|Any CPU
		{47E2F796-EED5-4BE7-9919-1CEE277DA90A}.Release|Any CPU.Build.0 = Release|Any CPU
		{5AED7424-F164-4706-AD3A-9F68E1468B60}.Debug|Any CPU.ActiveCfg = Debug|Any CPU
		{5AED7424-F164-4706-AD3A-9F68E1468B60}.Debug|Any CPU.Build.0 = Debug|Any CPU
		{5AED7424-F164-4706-AD3A-9F68E1468B60}.Release|Any CPU.ActiveCfg = Release|Any CPU
		{5AED7424-F164-4706-AD3A-9F68E1468B60}.Release|Any CPU.Build.0 = Release|Any CPU
		{35A95DB1-A71B-4E42-A939-3092F61B2C44}.Debug|Any CPU.ActiveCfg = Debug|Any CPU
		{35A95DB1-A71B-4E42-A939-3092F61B2C44}.Debug|Any CPU.Build.0 = Debug|Any CPU
		{35A95DB1-A71B-4E42-A939-3092F61B2C44}.Debug|Any CPU.Deploy.0 = Debug|Any CPU
		{35A95DB1-A71B-4E42-A939-3092F61B2C44}.Release|Any CPU.ActiveCfg = Release|Any CPU
		{35A95DB1-A71B-4E42-A939-3092F61B2C44}.Release|Any CPU.Build.0 = Release|Any CPU
	EndGlobalSection
	GlobalSection(SolutionProperties) = preSolution
		HideSolutionNode = FALSE
	EndGlobalSection
	GlobalSection(ExtensibilityGlobals) = postSolution
		SolutionGuid = {D57C0E8B-D0D3-40D5-B715-EF25BA80502C}
	EndGlobalSection
EndGlobal
